# Generated by pub
# See https://dart.dev/tools/pub/glossary#lockfile
packages:
  bloc_analytics:
    dependency: transitive
    description:
      path: "packages/bloc_analytics"
      ref: update_dependencies
      resolved-ref: de4332cddcc7c75c3e75936ae88afe453ae912bc
      url: "https://github.com/mateusfsilva/flutter_bloc_analytics.git"
    source: git
    version: "0.4.0"
  collection:
    dependency: transitive
    description:
      name: collection
      url: "https://pub.dartlang.org"
    source: hosted
    version: "1.14.11"
  firebase_analytics:
    dependency: transitive
    description:
      name: firebase_analytics
      url: "https://pub.dartlang.org"
    source: hosted
    version: "5.0.9"
  firebase_bloc_analytics:
    dependency: "direct main"
    description:
      path: ".."
      relative: true
    source: path
    version: "0.6.0"
  flutter:
    dependency: transitive
    description: flutter
    source: sdk
    version: "0.0.0"
  meta:
    dependency: transitive
    description:
      name: meta
      url: "https://pub.dartlang.org"
    source: hosted
    version: "1.1.8"
  sky_engine:
    dependency: transitive
    description: flutter
    source: sdk
    version: "0.0.99"
  typed_data:
    dependency: transitive
    description:
      name: typed_data
      url: "https://pub.dartlang.org"
    source: hosted
    version: "1.1.6"
  vector_math:
    dependency: transitive
    description:
      name: vector_math
      url: "https://pub.dartlang.org"
    source: hosted
    version: "2.0.8"
sdks:
  dart: ">=2.7.0 <3.0.0"
  flutter: ">=1.10.0 <2.0.0"
